
Microsoft Visual Studio Solution File, Format Version 12.00
# Visual Studio Version 17
VisualStudioVersion = 17.5.002.0
MinimumVisualStudioVersion = 10.0.40219.1
Project("{2150E333-8FDC-42A3-9474-1A3956D46DE8}") = "sandbox", "sandbox", "{5CF93BBA-9A50-4DA7-A1F8-1DEDEAC159FA}"
EndProject
Project("{9A19103F-16F7-4668-BE54-9A1E7A4F7556}") = "sandbox_project", "sandbox\sandbox_project\sandbox_project.csproj", "{A2142D63-A466-4B01-ADCB-72EC01C616BB}"
EndProject
Project("{2150E333-8FDC-42A3-9474-1A3956D46DE8}") = "week01", "week01", "{12FAC002-EF2D-46AD-88C3-40179A26C056}"
EndProject
Project("{9A19103F-16F7-4668-BE54-9A1E7A4F7556}") = "analyze", "week01\analyze\analyze.csproj", "{753BD8A2-3F36-45F4-8570-F7D4914F88D0}"
EndProject
Project("{9A19103F-16F7-4668-BE54-9A1E7A4F7556}") = "code", "week01\code\code.csproj", "{0293A3E9-C9A9-4865-A3C5-4BFC8B66C9CB}"
EndProject
Project("{9A19103F-16F7-4668-BE54-9A1E7A4F7556}") = "teach", "week01\teach\teach.csproj", "{B11AEAF5-34B9-400D-A3C4-AD9900FAD6A5}"
EndProject
Project("{2150E333-8FDC-42A3-9474-1A3956D46DE8}") = "week02", "week02", "{8F15DC5F-5833-424A-B91B-8E53FEB9829B}"
EndProject
Project("{9A19103F-16F7-4668-BE54-9A1E7A4F7556}") = "analyze", "week02\analyze\analyze.csproj", "{8B68D38B-194E-4022-9884-F76608C61F8E}"
EndProject
Project("{9A19103F-16F7-4668-BE54-9A1E7A4F7556}") = "code", "week02\code\code.csproj", "{16F7C310-B8B3-49A6-AEFB-04CD2D84AEA9}"
EndProject
Project("{9A19103F-16F7-4668-BE54-9A1E7A4F7556}") = "learn", "week02\learn\learn.csproj", "{4E25E0FB-FB97-404A-ADA0-D7C2EE960DAD}"
EndProject
Project("{9A19103F-16F7-4668-BE54-9A1E7A4F7556}") = "teach", "week02\teach\teach.csproj", "{9578CABD-1C4C-4535-9F19-274749C9D566}"
EndProject
Project("{2150E333-8FDC-42A3-9474-1A3956D46DE8}") = "week03", "week03", "{2D65F205-D851-405B-9932-E1A95413D6F3}"
EndProject
Project("{9A19103F-16F7-4668-BE54-9A1E7A4F7556}") = "code", "week03\code\code.csproj", "{9CC58D06-D032-41F0-A838-5D5D05B490C4}"
EndProject
Project("{9A19103F-16F7-4668-BE54-9A1E7A4F7556}") = "learn", "week03\learn\learn.csproj", "{4AF745D7-795F-4303-90E6-283D1ED7F6E6}"
EndProject
Project("{9A19103F-16F7-4668-BE54-9A1E7A4F7556}") = "teach", "week03\teach\teach.csproj", "{4595E4D7-A389-45C4-A0B5-DF7F151D4223}"
EndProject
Project("{2150E333-8FDC-42A3-9474-1A3956D46DE8}") = "week04", "week04", "{CD76960C-B679-4270-B639-2B706BD4AAF7}"
EndProject
Project("{9A19103F-16F7-4668-BE54-9A1E7A4F7556}") = "code", "week04\code\code.csproj", "{393B9E94-15AE-467C-907B-CA45CB2A8AF5}"
EndProject
Project("{2150E333-8FDC-42A3-9474-1A3956D46DE8}") = "week05", "week05", "{0741E344-7C70-4634-9AD7-C6D16C164E28}"
EndProject
Project("{9A19103F-16F7-4668-BE54-9A1E7A4F7556}") = "code", "week05\code\code.csproj", "{96F46670-3A57-43CD-9BC6-D09BCF671A01}"
EndProject
Project("{2150E333-8FDC-42A3-9474-1A3956D46DE8}") = "week06", "week06", "{3BAEE4DE-F14F-42F0-B57C-005E32680E24}"
EndProject
Project("{9A19103F-16F7-4668-BE54-9A1E7A4F7556}") = "code", "week06\code\code.csproj", "{D6D01D25-20A9-4AD1-8835-FE18A47095CC}"
EndProject
Global
	GlobalSection(SolutionConfigurationPlatforms) = preSolution
		Debug|Any CPU = Debug|Any CPU
		Release|Any CPU = Release|Any CPU
	EndGlobalSection
	GlobalSection(ProjectConfigurationPlatforms) = postSolution
		{A2142D63-A466-4B01-ADCB-72EC01C616BB}.Debug|Any CPU.ActiveCfg = Debug|Any CPU
		{A2142D63-A466-4B01-ADCB-72EC01C616BB}.Debug|Any CPU.Build.0 = Debug|Any CPU
		{A2142D63-A466-4B01-ADCB-72EC01C616BB}.Release|Any CPU.ActiveCfg = Release|Any CPU
		{A2142D63-A466-4B01-ADCB-72EC01C616BB}.Release|Any CPU.Build.0 = Release|Any CPU
		{753BD8A2-3F36-45F4-8570-F7D4914F88D0}.Debug|Any CPU.ActiveCfg = Debug|Any CPU
		{753BD8A2-3F36-45F4-8570-F7D4914F88D0}.Debug|Any CPU.Build.0 = Debug|Any CPU
		{753BD8A2-3F36-45F4-8570-F7D4914F88D0}.Release|Any CPU.ActiveCfg = Release|Any CPU
		{753BD8A2-3F36-45F4-8570-F7D4914F88D0}.Release|Any CPU.Build.0 = Release|Any CPU
		{0293A3E9-C9A9-4865-A3C5-4BFC8B66C9CB}.Debug|Any CPU.ActiveCfg = Debug|Any CPU
		{0293A3E9-C9A9-4865-A3C5-4BFC8B66C9CB}.Debug|Any CPU.Build.0 = Debug|Any CPU
		{0293A3E9-C9A9-4865-A3C5-4BFC8B66C9CB}.Release|Any CPU.ActiveCfg = Release|Any CPU
		{0293A3E9-C9A9-4865-A3C5-4BFC8B66C9CB}.Release|Any CPU.Build.0 = Release|Any CPU
		{B11AEAF5-34B9-400D-A3C4-AD9900FAD6A5}.Debug|Any CPU.ActiveCfg = Debug|Any CPU
		{B11AEAF5-34B9-400D-A3C4-AD9900FAD6A5}.Debug|Any CPU.Build.0 = Debug|Any CPU
		{B11AEAF5-34B9-400D-A3C4-AD9900FAD6A5}.Release|Any CPU.ActiveCfg = Release|Any CPU
		{B11AEAF5-34B9-400D-A3C4-AD9900FAD6A5}.Release|Any CPU.Build.0 = Release|Any CPU
		{8B68D38B-194E-4022-9884-F76608C61F8E}.Debug|Any CPU.ActiveCfg = Debug|Any CPU
		{8B68D38B-194E-4022-9884-F76608C61F8E}.Debug|Any CPU.Build.0 = Debug|Any CPU
		{8B68D38B-194E-4022-9884-F76608C61F8E}.Release|Any CPU.ActiveCfg = Release|Any CPU
		{8B68D38B-194E-4022-9884-F76608C61F8E}.Release|Any CPU.Build.0 = Release|Any CPU
		{16F7C310-B8B3-49A6-AEFB-04CD2D84AEA9}.Debug|Any CPU.ActiveCfg = Debug|Any CPU
		{16F7C310-B8B3-49A6-AEFB-04CD2D84AEA9}.Debug|Any CPU.Build.0 = Debug|Any CPU
		{16F7C310-B8B3-49A6-AEFB-04CD2D84AEA9}.Release|Any CPU.ActiveCfg = Release|Any CPU
		{16F7C310-B8B3-49A6-AEFB-04CD2D84AEA9}.Release|Any CPU.Build.0 = Release|Any CPU
		{4E25E0FB-FB97-404A-ADA0-D7C2EE960DAD}.Debug|Any CPU.ActiveCfg = Debug|Any CPU
		{4E25E0FB-FB97-404A-ADA0-D7C2EE960DAD}.Debug|Any CPU.Build.0 = Debug|Any CPU
		{4E25E0FB-FB97-404A-ADA0-D7C2EE960DAD}.Release|Any CPU.ActiveCfg = Release|Any CPU
		{4E25E0FB-FB97-404A-ADA0-D7C2EE960DAD}.Release|Any CPU.Build.0 = Release|Any CPU
		{9578CABD-1C4C-4535-9F19-274749C9D566}.Debug|Any CPU.ActiveCfg = Debug|Any CPU
		{9578CABD-1C4C-4535-9F19-274749C9D566}.Debug|Any CPU.Build.0 = Debug|Any CPU
		{9578CABD-1C4C-4535-9F19-274749C9D566}.Release|Any CPU.ActiveCfg = Release|Any CPU
		{9578CABD-1C4C-4535-9F19-274749C9D566}.Release|Any CPU.Build.0 = Release|Any CPU
		{9CC58D06-D032-41F0-A838-5D5D05B490C4}.Debug|Any CPU.ActiveCfg = Debug|Any CPU
		{9CC58D06-D032-41F0-A838-5D5D05B490C4}.Debug|Any CPU.Build.0 = Debug|Any CPU
		{9CC58D06-D032-41F0-A838-5D5D05B490C4}.Release|Any CPU.ActiveCfg = Release|Any CPU
		{9CC58D06-D032-41F0-A838-5D5D05B490C4}.Release|Any CPU.Build.0 = Release|Any CPU
		{4AF745D7-795F-4303-90E6-283D1ED7F6E6}.Debug|Any CPU.ActiveCfg = Debug|Any CPU
		{4AF745D7-795F-4303-90E6-283D1ED7F6E6}.Debug|Any CPU.Build.0 = Debug|Any CPU
		{4AF745D7-795F-4303-90E6-283D1ED7F6E6}.Release|Any CPU.ActiveCfg = Release|Any CPU
		{4AF745D7-795F-4303-90E6-283D1ED7F6E6}.Release|Any CPU.Build.0 = Release|Any CPU
		{4595E4D7-A389-45C4-A0B5-DF7F151D4223}.Debug|Any CPU.ActiveCfg = Debug|Any CPU
		{4595E4D7-A389-45C4-A0B5-DF7F151D4223}.Debug|Any CPU.Build.0 = Debug|Any CPU
		{4595E4D7-A389-45C4-A0B5-DF7F151D4223}.Release|Any CPU.ActiveCfg = Release|Any CPU
		{4595E4D7-A389-45C4-A0B5-DF7F151D4223}.Release|Any CPU.Build.0 = Release|Any CPU
		{393B9E94-15AE-467C-907B-CA45CB2A8AF5}.Debug|Any CPU.ActiveCfg = Debug|Any CPU
		{393B9E94-15AE-467C-907B-CA45CB2A8AF5}.Debug|Any CPU.Build.0 = Debug|Any CPU
		{393B9E94-15AE-467C-907B-CA45CB2A8AF5}.Release|Any CPU.ActiveCfg = Release|Any CPU
		{393B9E94-15AE-467C-907B-CA45CB2A8AF5}.Release|Any CPU.Build.0 = Release|Any CPU
		{96F46670-3A57-43CD-9BC6-D09BCF671A01}.Debug|Any CPU.ActiveCfg = Debug|Any CPU
		{96F46670-3A57-43CD-9BC6-D09BCF671A01}.Debug|Any CPU.Build.0 = Debug|Any CPU
		{96F46670-3A57-43CD-9BC6-D09BCF671A01}.Release|Any CPU.ActiveCfg = Release|Any CPU
		{96F46670-3A57-43CD-9BC6-D09BCF671A01}.Release|Any CPU.Build.0 = Release|Any CPU
		{D6D01D25-20A9-4AD1-8835-FE18A47095CC}.Debug|Any CPU.ActiveCfg = Debug|Any CPU
		{D6D01D25-20A9-4AD1-8835-FE18A47095CC}.Debug|Any CPU.Build.0 = Debug|Any CPU
		{D6D01D25-20A9-4AD1-8835-FE18A47095CC}.Release|Any CPU.ActiveCfg = Release|Any CPU
		{D6D01D25-20A9-4AD1-8835-FE18A47095CC}.Release|Any CPU.Build.0 = Release|Any CPU
	EndGlobalSection
	GlobalSection(SolutionProperties) = preSolution
		HideSolutionNode = FALSE
	EndGlobalSection
	GlobalSection(NestedProjects) = preSolution
		{A2142D63-A466-4B01-ADCB-72EC01C616BB} = {5CF93BBA-9A50-4DA7-A1F8-1DEDEAC159FA}
		{753BD8A2-3F36-45F4-8570-F7D4914F88D0} = {12FAC002-EF2D-46AD-88C3-40179A26C056}
		{0293A3E9-C9A9-4865-A3C5-4BFC8B66C9CB} = {12FAC002-EF2D-46AD-88C3-40179A26C056}
		{B11AEAF5-34B9-400D-A3C4-AD9900FAD6A5} = {12FAC002-EF2D-46AD-88C3-40179A26C056}
		{8B68D38B-194E-4022-9884-F76608C61F8E} = {8F15DC5F-5833-424A-B91B-8E53FEB9829B}
		{16F7C310-B8B3-49A6-AEFB-04CD2D84AEA9} = {8F15DC5F-5833-424A-B91B-8E53FEB9829B}
		{4E25E0FB-FB97-404A-ADA0-D7C2EE960DAD} = {8F15DC5F-5833-424A-B91B-8E53FEB9829B}
		{9578CABD-1C4C-4535-9F19-274749C9D566} = {8F15DC5F-5833-424A-B91B-8E53FEB9829B}
		{9CC58D06-D032-41F0-A838-5D5D05B490C4} = {2D65F205-D851-405B-9932-E1A95413D6F3}
		{4AF745D7-795F-4303-90E6-283D1ED7F6E6} = {2D65F205-D851-405B-9932-E1A95413D6F3}
		{4595E4D7-A389-45C4-A0B5-DF7F151D4223} = {2D65F205-D851-405B-9932-E1A95413D6F3}
		{393B9E94-15AE-467C-907B-CA45CB2A8AF5} = {CD76960C-B679-4270-B639-2B706BD4AAF7}
		{96F46670-3A57-43CD-9BC6-D09BCF671A01} = {0741E344-7C70-4634-9AD7-C6D16C164E28}
		{D6D01D25-20A9-4AD1-8835-FE18A47095CC} = {3BAEE4DE-F14F-42F0-B57C-005E32680E24}
	EndGlobalSection
	GlobalSection(ExtensibilityGlobals) = postSolution
		SolutionGuid = {A7884F20-E388-4ADF-A580-326F48A11F3D}
	EndGlobalSection
EndGlobal
